// !$*UTF8*$!
{
	archiveVersion = 1;
	classes = {
	};
	objectVersion = 46;
	objects = {

/* Begin PBXBuildFile section */
		5D2DC7F3BB87E8D5D77EC93D /* README.md in Sources */ = {isa = PBXBuildFile; fileRef = 5D2DC5DA83D1CE9CE88B5F89 /* README.md */; };
		5D2DCAD07F2743678FA738B5 /* AppCodeTestApp.swift in Sources */ = {isa = PBXBuildFile; fileRef = 5D2DC22095704D7B37A7E8ED /* AppCodeTestApp.swift */; };
		5D2DCAD11A3A39B6A4F736B7 /* Assets.xcassets in Resources */ = {isa = PBXBuildFile; fileRef = 5D2DC7FE96256E9E0E79E2BA /* Assets.xcassets */; };
		5D2DCB7243388A2CADED578A /* ContentView.swift in Sources */ = {isa = PBXBuildFile; fileRef = 5D2DC4EE4887A1FC8DE51ACA /* ContentView.swift */; };
		5D2DCC14EBECA2A95C4A1726 /* Preview Assets.xcassets in Resources */ = {isa = PBXBuildFile; fileRef = 5D2DC7BA7F05C052B7CADA47 /* Preview Assets.xcassets */; };
		5D2DCFF84B8B4BDA6AED307B /* .gitignore in Resources */ = {isa = PBXBuildFile; fileRef = 5D2DCFE38DCADBD2AD2B5656 /* .gitignore */; };
/* End PBXBuildFile section */

/* Begin PBXFileReference section */
		5D2DC052830AE0CFF197D24A /* AppCodeTest.app */ = {isa = PBXFileReference; explicitFileType = wrapper.application; includeInIndex = 0; path = AppCodeTest.app; sourceTree = BUILT_PRODUCTS_DIR; };
		5D2DC22095704D7B37A7E8ED /* AppCodeTestApp.swift */ = {isa = PBXFileReference; lastKnownFileType = sourcecode.swift; path = AppCodeTestApp.swift; sourceTree = "<group>"; };
		5D2DC4EE4887A1FC8DE51ACA /* ContentView.swift */ = {isa = PBXFileReference; lastKnownFileType = sourcecode.swift; path = ContentView.swift; sourceTree = "<group>"; };
		5D2DC5DA83D1CE9CE88B5F89 /* README.md */ = {isa = PBXFileReference; fileEncoding = 4; lastKnownFileType = net.daringfireball.markdown; path = README.md; sourceTree = "<group>"; };
		5D2DC7B331112EAB70904A66 /* Info.plist */ = {isa = PBXFileReference; lastKnownFileType = text.plist.info; path = Info.plist; sourceTree = "<group>"; };
		5D2DC7BA7F05C052B7CADA47 /* Preview Assets.xcassets */ = {isa = PBXFileReference; lastKnownFileType = folder.assetcatalog; path = "Preview Assets.xcassets"; sourceTree = "<group>"; };
		5D2DC7FE96256E9E0E79E2BA /* Assets.xcassets */ = {isa = PBXFileReference; lastKnownFileType = folder.assetcatalog; path = Assets.xcassets; sourceTree = "<group>"; };
		5D2DCFE38DCADBD2AD2B5656 /* .gitignore */ = {isa = PBXFileReference; lastKnownFileType = file.gitignore; path = .gitignore; sourceTree = "<group>"; };
/* End PBXFileReference section */

/* Begin PBXFrameworksBuildPhase section */
		5D2DC3C8397CB84D83E9248D /* Frameworks */ = {
			isa = PBXFrameworksBuildPhase;
			buildActionMask = 2147483647;
			files = (
			);
			runOnlyForDeploymentPostprocessing = 0;
		};
/* End PBXFrameworksBuildPhase section */

/* Begin PBXGroup section */
		5D2DC4950AA7520C6E8316DC /* AppCodeTest */ = {
			isa = PBXGroup;
			children = (
				5D2DC7B331112EAB70904A66 /* Info.plist */,
				5D2DC7FE96256E9E0E79E2BA /* Assets.xcassets */,
				5D2DCDEF75DCB60380BD20D0 /* Preview Content */,
				5D2DC22095704D7B37A7E8ED /* AppCodeTestApp.swift */,
				5D2DC4EE4887A1FC8DE51ACA /* ContentView.swift */,
			);
			path = AppCodeTest;
			sourceTree = "<group>";
		};
		5D2DC85953DF632E2110A7CD = {
			isa = PBXGroup;
			children = (
				5D2DCA40D3D505C4FAD878E8 /* Products */,
				5D2DC4950AA7520C6E8316DC /* AppCodeTest */,
				5D2DC5DA83D1CE9CE88B5F89 /* README.md */,
				5D2DCFE38DCADBD2AD2B5656 /* .gitignore */,
			);
			sourceTree = "<group>";
		};
		5D2DCA40D3D505C4FAD878E8 /* Products */ = {
			isa = PBXGroup;
			children = (
				5D2DC052830AE0CFF197D24A /* AppCodeTest.app */,
			);
			name = Products;
			sourceTree = "<group>";
		};
		5D2DCDEF75DCB60380BD20D0 /* Preview Content */ = {
			isa = PBXGroup;
			children = (
				5D2DC7BA7F05C052B7CADA47 /* Preview Assets.xcassets */,
			);
			path = "Preview Content";
			sourceTree = "<group>";
		};
/* End PBXGroup section */

/* Begin PBXNativeTarget section */
		5D2DCFDF3859EB42847BB126 /* AppCodeTest */ = {
			isa = PBXNativeTarget;
			buildConfigurationList = 5D2DCDC59212B122175964CF /* Build configuration list for PBXNativeTarget "AppCodeTest" */;
			buildPhases = (
				5D2DC858E58083F8B0298780 /* Sources */,
				5D2DC3C8397CB84D83E9248D /* Frameworks */,
				5D2DC55F022850B0F973F14B /* Resources */,
			);
			buildRules = (
			);
			dependencies = (
			);
			name = AppCodeTest;
			productName = AppCodeTest;
			productReference = 5D2DC052830AE0CFF197D24A /* AppCodeTest.app */;
			productType = "com.apple.product-type.application";
		};
/* End PBXNativeTarget section */

/* Begin PBXProject section */
		5D2DC07A588966F399EF49F5 /* Project object */ = {
			isa = PBXProject;
			buildConfigurationList = 5D2DC0C8E5ACEDBB6BB9EC26 /* Build configuration list for PBXProject "AppCodeTest" */;
			compatibilityVersion = "Xcode 3.2";
			developmentRegion = English;
			hasScannedForEncodings = 0;
			knownRegions = (
				en,
			);
			mainGroup = 5D2DC85953DF632E2110A7CD;
			productRefGroup = 5D2DCA40D3D505C4FAD878E8 /* Products */;
			projectDirPath = "";
			projectRoot = "";
			targets = (
				5D2DCFDF3859EB42847BB126 /* AppCodeTest */,
			);
		};
/* End PBXProject section */

/* Begin PBXResourcesBuildPhase section */
		5D2DC55F022850B0F973F14B /* Resources */ = {
			isa = PBXResourcesBuildPhase;
			buildActionMask = 2147483647;
			files = (
				5D2DCAD11A3A39B6A4F736B7 /* Assets.xcassets in Resources */,
				5D2DCC14EBECA2A95C4A1726 /* Preview Assets.xcassets in Resources */,
				5D2DCFF84B8B4BDA6AED307B /* .gitignore in Resources */,
			);
			runOnlyForDeploymentPostprocessing = 0;
		};
/* End PBXResourcesBuildPhase section */

/* Begin PBXSourcesBuildPhase section */
		5D2DC858E58083F8B0298780 /* Sources */ = {
			isa = PBXSourcesBuildPhase;
			buildActionMask = 2147483647;
			files = (
				5D2DCAD07F2743678FA738B5 /* AppCodeTestApp.swift in Sources */,
				5D2DCB7243388A2CADED578A /* ContentView.swift in Sources */,
				5D2DC7F3BB87E8D5D77EC93D /* README.md in Sources */,
			);
			runOnlyForDeploymentPostprocessing = 0;
		};
/* End PBXSourcesBuildPhase section */

/* Begin XCBuildConfiguration section */
		5D2DC108EEC1FC1017826589 /* Release */ = {
			isa = XCBuildConfiguration;
			buildSettings = {
				ALWAYS_SEARCH_USER_PATHS = NO;
				CLANG_ANALYZER_NONNULL = YES;
				CLANG_ANALYZER_NUMBER_OBJECT_CONVERSION = YES_AGGRESSIVE;
				CLANG_CXX_LANGUAGE_STANDARD = "gnu++14";
				CLANG_CXX_LIBRARY = "libc++";
				CLANG_ENABLE_MODULES = YES;
				CLANG_ENABLE_OBJC_ARC = YES;
				CLANG_ENABLE_OBJC_WEAK = YES;
				CLANG_WARN_BLOCK_CAPTURE_AUTORELEASING = YES;
				CLANG_WARN_BOOL_CONVERSION = YES;
				CLANG_WARN_COMMA = YES;
				CLANG_WARN_CONSTANT_CONVERSION = YES;
				CLANG_WARN_DEPRECATED_OBJC_IMPLEMENTATIONS = YES;
				CLANG_WARN_DIRECT_OBJC_ISA_USAGE = YES_ERROR;
				CLANG_WARN_DOCUMENTATION_COMMENTS = YES;
				CLANG_WARN_EMPTY_BODY = YES;
				CLANG_WARN_ENUM_CONVERSION = YES;
				CLANG_WARN_INFINITE_RECURSION = YES;
				CLANG_WARN_INT_CONVERSION = YES;
				CLANG_WARN_NON_LITERAL_NULL_CONVERSION = YES;
				CLANG_WARN_OBJC_IMPLICIT_RETAIN_SELF = YES;
				CLANG_WARN_OBJC_LITERAL_CONVERSION = YES;
				CLANG_WARN_OBJC_ROOT_CLASS = YES_ERROR;
				CLANG_WARN_QUOTED_INCLUDE_IN_FRAMEWORK_HEADER = YES;
				CLANG_WARN_RANGE_LOOP_ANALYSIS = YES;
				CLANG_WARN_STRICT_PROTOTYPES = YES;
				CLANG_WARN_SUSPICIOUS_MOVE = YES;
				CLANG_WARN_UNGUARDED_AVAILABILITY = YES_AGGRESSIVE;
				CLANG_WARN_UNREACHABLE_CODE = YES;
				CLANG_WARN__DUPLICATE_METHOD_MATCH = YES;
				COPY_PHASE_STRIP = NO;
				DEBUG_INFORMATION_FORMAT = "dwarf-with-dsym";
				ENABLE_NS_ASSERTIONS = NO;
				ENABLE_STRICT_OBJC_MSGSEND = YES;
				GCC_C_LANGUAGE_STANDARD = gnu11;
				GCC_NO_COMMON_BLOCKS = YES;
				GCC_WARN_64_TO_32_BIT_CONVERSION = YES;
				GCC_WARN_ABOUT_RETURN_TYPE = YES_ERROR;
				GCC_WARN_UNDECLARED_SELECTOR = YES;
				GCC_WARN_UNINITIALIZED_AUTOS = YES_AGGRESSIVE;
				GCC_WARN_UNUSED_FUNCTION = YES;
				GCC_WARN_UNUSED_VARIABLE = YES;
				IPHONEOS_DEPLOYMENT_TARGET = 14.4;
				MTL_ENABLE_DEBUG_INFO = NO;
				MTL_FAST_MATH = YES;
				SDKROOT = iphoneos;
				SWIFT_COMPILATION_MODE = wholemodule;
				SWIFT_OPTIMIZATION_LEVEL = "-O";
				VALIDATE_PRODUCT = YES;
			};
			name = Release;
		};
		5D2DC592EEFD791137B26569 /* Release */ = {
			isa = XCBuildConfiguration;
			buildSettings = {
				ASSETCATALOG_COMPILER_APPICON_NAME = AppIcon;
				ASSETCATALOG_COMPILER_GLOBAL_ACCENT_COLOR_NAME = AccentColor;
				DEVELOPMENT_ASSET_PATHS = "\"AppCodeTest/Preview Content\"";
				ENABLE_PREVIEWS = YES;
				INFOPLIST_FILE = AppCodeTest/Info.plist;
				IPHONEOS_DEPLOYMENT_TARGET = 14.0;
				LD_RUNPATH_SEARCH_PATHS = "$(inherited) @executable_path/Frameworks";
				PRODUCT_BUNDLE_IDENTIFIER = test.AppCodeTest;
				PRODUCT_NAME = "$(TARGET_NAME)";
				SWIFT_VERSION = 5.0;
				TARGETED_DEVICE_FAMILY = "1,2";
			};
			name = Release;
		};
		5D2DC7866C96382CD9BFCCDE /* Debug */ = {
			isa = XCBuildConfiguration;
			buildSettings = {
				ASSETCATALOG_COMPILER_APPICON_NAME = AppIcon;
				ASSETCATALOG_COMPILER_GLOBAL_ACCENT_COLOR_NAME = AccentColor;
				DEVELOPMENT_ASSET_PATHS = "\"AppCodeTest/Preview Content\"";
				ENABLE_PREVIEWS = YES;
				INFOPLIST_FILE = AppCodeTest/Info.plist;
				IPHONEOS_DEPLOYMENT_TARGET = 14.0;
				LD_RUNPATH_SEARCH_PATHS = "$(inherited) @executable_path/Frameworks";
				PRODUCT_BUNDLE_IDENTIFIER = test.AppCodeTest;
				PRODUCT_NAME = "$(TARGET_NAME)";
				SWIFT_VERSION = 5.0;
				TARGETED_DEVICE_FAMILY = "1,2";
			};
			name = Debug;
		};
		5D2DC99B472845DB6FFAD614 /* Debug */ = {
			isa = XCBuildConfiguration;
			buildSettings = {
				ALWAYS_SEARCH_USER_PATHS = NO;
				CLANG_ANALYZER_NONNULL = YES;
				CLANG_ANALYZER_NUMBER_OBJECT_CONVERSION = YES_AGGRESSIVE;
				CLANG_CXX_LANGUAGE_STANDARD = "gnu++14";
				CLANG_CXX_LIBRARY = "libc++";
				CLANG_ENABLE_MODULES = YES;
				CLANG_ENABLE_OBJC_ARC = YES;
				CLANG_ENABLE_OBJC_WEAK = YES;
				CLANG_WARN_BLOCK_CAPTURE_AUTORELEASING = YES;
				CLANG_WARN_BOOL_CONVERSION = YES;
				CLANG_WARN_COMMA = YES;
				CLANG_WARN_CONSTANT_CONVERSION = YES;
				CLANG_WARN_DEPRECATED_OBJC_IMPLEMENTATIONS = YES;
				CLANG_WARN_DIRECT_OBJC_ISA_USAGE = YES_ERROR;
				CLANG_WARN_DOCUMENTATION_COMMENTS = YES;
				CLANG_WARN_EMPTY_BODY = YES;
				CLANG_WARN_ENUM_CONVERSION = YES;
				CLANG_WARN_INFINITE_RECURSION = YES;
				CLANG_WARN_INT_CONVERSION = YES;
				CLANG_WARN_NON_LITERAL_NULL_CONVERSION = YES;
				CLANG_WARN_OBJC_IMPLICIT_RETAIN_SELF = YES;
				CLANG_WARN_OBJC_LITERAL_CONVERSION = YES;
				CLANG_WARN_OBJC_ROOT_CLASS = YES_ERROR;
				CLANG_WARN_QUOTED_INCLUDE_IN_FRAMEWORK_HEADER = YES;
				CLANG_WARN_RANGE_LOOP_ANALYSIS = YES;
				CLANG_WARN_STRICT_PROTOTYPES = YES;
				CLANG_WARN_SUSPICIOUS_MOVE = YES;
				CLANG_WARN_UNGUARDED_AVAILABILITY = YES_AGGRESSIVE;
				CLANG_WARN_UNREACHABLE_CODE = YES;
				CLANG_WARN__DUPLICATE_METHOD_MATCH = YES;
				COPY_PHASE_STRIP = NO;
				DEBUG_INFORMATION_FORMAT = dwarf;
				ENABLE_STRICT_OBJC_MSGSEND = YES;
				ENABLE_TESTABILITY = YES;
				GCC_C_LANGUAGE_STANDARD = gnu11;
				GCC_DYNAMIC_NO_PIC = NO;
				GCC_NO_COMMON_BLOCKS = YES;
				GCC_OPTIMIZATION_LEVEL = 0;
				GCC_PREPROCESSOR_DEFINITIONS = (
					"DEBUG=1",
					"$(inherited)",
				);
				GCC_WARN_64_TO_32_BIT_CONVERSION = YES;
				GCC_WARN_ABOUT_RETURN_TYPE = YES_ERROR;
				GCC_WARN_UNDECLARED_SELECTOR = YES;
				GCC_WARN_UNINITIALIZED_AUTOS = YES_AGGRESSIVE;
				GCC_WARN_UNUSED_FUNCTION = YES;
				GCC_WARN_UNUSED_VARIABLE = YES;
				IPHONEOS_DEPLOYMENT_TARGET = 14.4;
				MTL_ENABLE_DEBUG_INFO = INCLUDE_SOURCE;
				MTL_FAST_MATH = YES;
				ONLY_ACTIVE_ARCH = YES;
				SDKROOT = iphoneos;
				SWIFT_ACTIVE_COMPILATION_CONDITIONS = DEBUG;
				SWIFT_OPTIMIZATION_LEVEL = "-Onone";
			};
			name = Debug;
		};
/* End XCBuildConfiguration section */

/* Begin XCConfigurationList section */
		5D2DC0C8E5ACEDBB6BB9EC26 /* Build configuration list for PBXProject "AppCodeTest" */ = {
			isa = XCConfigurationList;
			buildConfigurations = (
				5D2DC99B472845DB6FFAD614 /* Debug */,
				5D2DC108EEC1FC1017826589 /* Release */,
			);
			defaultConfigurationIsVisible = 0;
			defaultConfigurationName = Release;
		};
		5D2DCDC59212B122175964CF /* Build configuration list for PBXNativeTarget "AppCodeTest" */ = {
			isa = XCConfigurationList;
			buildConfigurations = (
				5D2DC7866C96382CD9BFCCDE /* Debug */,
				5D2DC592EEFD791137B26569 /* Release */,
			);
			defaultConfigurationIsVisible = 0;
		};
/* End XCConfigurationList section */
	};
	rootObject = 5D2DC07A588966F399EF49F5 /* Project object */;
}
